// !$*UTF8*$!
{
	archiveVersion = 1;
	classes = {
	};
	objectVersion = 52;
	objects = {

/* Begin PBXBuildFile section */
		401F869D25BD96EF00B69957 /* ADBRemoteApp.swift in Sources */ = {isa = PBXBuildFile; fileRef = 401F869C25BD96EF00B69957 /* ADBRemoteApp.swift */; };
		401F869F25BD96EF00B69957 /* ContentView.swift in Sources */ = {isa = PBXBuildFile; fileRef = 401F869E25BD96EF00B69957 /* ContentView.swift */; };
		401F86A125BD96F100B69957 /* Assets.xcassets in Resources */ = {isa = PBXBuildFile; fileRef = 401F86A025BD96F100B69957 /* Assets.xcassets */; };
		401F86A425BD96F100B69957 /* Preview Assets.xcassets in Resources */ = {isa = PBXBuildFile; fileRef = 401F86A325BD96F100B69957 /* Preview Assets.xcassets */; };
		401F86AE25BD977500B69957 /* DPad.swift in Sources */ = {isa = PBXBuildFile; fileRef = 401F86AD25BD977500B69957 /* DPad.swift */; };
		401F86B125BD97A100B69957 /* CircleButton.swift in Sources */ = {isa = PBXBuildFile; fileRef = 401F86B025BD97A100B69957 /* CircleButton.swift */; };
		401F86B825BD98C700B69957 /* ComposableArchitecture in Frameworks */ = {isa = PBXBuildFile; productRef = 401F86B725BD98C700B69957 /* ComposableArchitecture */; };
		401F86BD25BD98EB00B69957 /* AppState.swift in Sources */ = {isa = PBXBuildFile; fileRef = 401F86BC25BD98EB00B69957 /* AppState.swift */; };
		401F86C025BD99D900B69957 /* AppAction.swift in Sources */ = {isa = PBXBuildFile; fileRef = 401F86BF25BD99D900B69957 /* AppAction.swift */; };
		401F86C325BD9B4500B69957 /* AppReducer.swift in Sources */ = {isa = PBXBuildFile; fileRef = 401F86C225BD9B4500B69957 /* AppReducer.swift */; };
		401F86C625BD9B6F00B69957 /* AppEnvironment.swift in Sources */ = {isa = PBXBuildFile; fileRef = 401F86C525BD9B6F00B69957 /* AppEnvironment.swift */; };
		401F86C925BD9B9F00B69957 /* ADB.swift in Sources */ = {isa = PBXBuildFile; fileRef = 401F86C825BD9B9F00B69957 /* ADB.swift */; };
		401F86CD25BD9DA200B69957 /* Remote.swift in Sources */ = {isa = PBXBuildFile; fileRef = 401F86CC25BD9DA200B69957 /* Remote.swift */; };
		404247D125C07A03006D7E39 /* Parsing in Frameworks */ = {isa = PBXBuildFile; productRef = 404247D025C07A03006D7E39 /* Parsing */; };
		40A0BCC925C58B15005BE678 /* KeyEventList.swift in Sources */ = {isa = PBXBuildFile; fileRef = 40A0BCC825C58B15005BE678 /* KeyEventList.swift */; };
		40A0BCCD25C6CBDC005BE678 /* MediaButtons.swift in Sources */ = {isa = PBXBuildFile; fileRef = 40A0BCCC25C6CBDC005BE678 /* MediaButtons.swift */; };
		40A0BCD025C6D102005BE678 /* DevicesList.swift in Sources */ = {isa = PBXBuildFile; fileRef = 40A0BCCF25C6D102005BE678 /* DevicesList.swift */; };
/* End PBXBuildFile section */

/* Begin PBXFileReference section */
		401F869925BD96EF00B69957 /* ADBRemote.app */ = {isa = PBXFileReference; explicitFileType = wrapper.application; includeInIndex = 0; path = ADBRemote.app; sourceTree = BUILT_PRODUCTS_DIR; };
		401F869C25BD96EF00B69957 /* ADBRemoteApp.swift */ = {isa = PBXFileReference; lastKnownFileType = sourcecode.swift; path = ADBRemoteApp.swift; sourceTree = "<group>"; };
		401F869E25BD96EF00B69957 /* ContentView.swift */ = {isa = PBXFileReference; lastKnownFileType = sourcecode.swift; path = ContentView.swift; sourceTree = "<group>"; };
		401F86A025BD96F100B69957 /* Assets.xcassets */ = {isa = PBXFileReference; lastKnownFileType = folder.assetcatalog; path = Assets.xcassets; sourceTree = "<group>"; };
		401F86A325BD96F100B69957 /* Preview Assets.xcassets */ = {isa = PBXFileReference; lastKnownFileType = folder.assetcatalog; path = "Preview Assets.xcassets"; sourceTree = "<group>"; };
		401F86A525BD96F100B69957 /* Info.plist */ = {isa = PBXFileReference; lastKnownFileType = text.plist.xml; path = Info.plist; sourceTree = "<group>"; };
		401F86A625BD96F100B69957 /* ADBRemote.entitlements */ = {isa = PBXFileReference; lastKnownFileType = text.plist.entitlements; path = ADBRemote.entitlements; sourceTree = "<group>"; };
		401F86AD25BD977500B69957 /* DPad.swift */ = {isa = PBXFileReference; lastKnownFileType = sourcecode.swift; path = DPad.swift; sourceTree = "<group>"; };
		401F86B025BD97A100B69957 /* CircleButton.swift */ = {isa = PBXFileReference; lastKnownFileType = sourcecode.swift; path = CircleButton.swift; sourceTree = "<group>"; };
		401F86BC25BD98EB00B69957 /* AppState.swift */ = {isa = PBXFileReference; lastKnownFileType = sourcecode.swift; path = AppState.swift; sourceTree = "<group>"; };
		401F86BF25BD99D900B69957 /* AppAction.swift */ = {isa = PBXFileReference; lastKnownFileType = sourcecode.swift; path = AppAction.swift; sourceTree = "<group>"; };
		401F86C225BD9B4500B69957 /* AppReducer.swift */ = {isa = PBXFileReference; lastKnownFileType = sourcecode.swift; path = AppReducer.swift; sourceTree = "<group>"; };
		401F86C525BD9B6F00B69957 /* AppEnvironment.swift */ = {isa = PBXFileReference; lastKnownFileType = sourcecode.swift; path = AppEnvironment.swift; sourceTree = "<group>"; };
		401F86C825BD9B9F00B69957 /* ADB.swift */ = {isa = PBXFileReference; lastKnownFileType = sourcecode.swift; path = ADB.swift; sourceTree = "<group>"; };
		401F86CC25BD9DA200B69957 /* Remote.swift */ = {isa = PBXFileReference; lastKnownFileType = sourcecode.swift; path = Remote.swift; sourceTree = "<group>"; };
		40A0BCC825C58B15005BE678 /* KeyEventList.swift */ = {isa = PBXFileReference; lastKnownFileType = sourcecode.swift; path = KeyEventList.swift; sourceTree = "<group>"; };
		40A0BCCC25C6CBDC005BE678 /* MediaButtons.swift */ = {isa = PBXFileReference; lastKnownFileType = sourcecode.swift; path = MediaButtons.swift; sourceTree = "<group>"; };
		40A0BCCF25C6D102005BE678 /* DevicesList.swift */ = {isa = PBXFileReference; lastKnownFileType = sourcecode.swift; path = DevicesList.swift; sourceTree = "<group>"; };
/* End PBXFileReference section */

/* Begin PBXFrameworksBuildPhase section */
		401F869625BD96EF00B69957 /* Frameworks */ = {
			isa = PBXFrameworksBuildPhase;
			buildActionMask = 2147483647;
			files = (
				401F86B825BD98C700B69957 /* ComposableArchitecture in Frameworks */,
				404247D125C07A03006D7E39 /* Parsing in Frameworks */,
			);
			runOnlyForDeploymentPostprocessing = 0;
		};
/* End PBXFrameworksBuildPhase section */

/* Begin PBXGroup section */
		401F869025BD96EF00B69957 = {
			isa = PBXGroup;
			children = (
				401F869B25BD96EF00B69957 /* ADBRemote */,
				401F869A25BD96EF00B69957 /* Products */,
			);
			sourceTree = "<group>";
		};
		401F869A25BD96EF00B69957 /* Products */ = {
			isa = PBXGroup;
			children = (
				401F869925BD96EF00B69957 /* ADBRemote.app */,
			);
			name = Products;
			sourceTree = "<group>";
		};
		401F869B25BD96EF00B69957 /* ADBRemote */ = {
			isa = PBXGroup;
			children = (
				401F86BA25BD98CD00B69957 /* core */,
				401F86B425BD97B500B69957 /* adb */,
				401F86B325BD97AC00B69957 /* views */,
				401F869C25BD96EF00B69957 /* ADBRemoteApp.swift */,
				401F869E25BD96EF00B69957 /* ContentView.swift */,
				401F86A025BD96F100B69957 /* Assets.xcassets */,
				401F86A525BD96F100B69957 /* Info.plist */,
				401F86A625BD96F100B69957 /* ADBRemote.entitlements */,
				401F86A225BD96F100B69957 /* Preview Content */,
			);
			path = ADBRemote;
			sourceTree = "<group>";
		};
		401F86A225BD96F100B69957 /* Preview Content */ = {
			isa = PBXGroup;
			children = (
				401F86A325BD96F100B69957 /* Preview Assets.xcassets */,
			);
			path = "Preview Content";
			sourceTree = "<group>";
		};
		401F86B325BD97AC00B69957 /* views */ = {
			isa = PBXGroup;
			children = (
				401F86AD25BD977500B69957 /* DPad.swift */,
				401F86B025BD97A100B69957 /* CircleButton.swift */,
				401F86CC25BD9DA200B69957 /* Remote.swift */,
				40A0BCC825C58B15005BE678 /* KeyEventList.swift */,
				40A0BCCC25C6CBDC005BE678 /* MediaButtons.swift */,
				40A0BCCF25C6D102005BE678 /* DevicesList.swift */,
			);
			path = views;
			sourceTree = "<group>";
		};
		401F86B425BD97B500B69957 /* adb */ = {
			isa = PBXGroup;
			children = (
				401F86C825BD9B9F00B69957 /* ADB.swift */,
			);
			path = adb;
			sourceTree = "<group>";
		};
		401F86BA25BD98CD00B69957 /* core */ = {
			isa = PBXGroup;
			children = (
				401F86BC25BD98EB00B69957 /* AppState.swift */,
				401F86BF25BD99D900B69957 /* AppAction.swift */,
				401F86C225BD9B4500B69957 /* AppReducer.swift */,
				401F86C525BD9B6F00B69957 /* AppEnvironment.swift */,
			);
			path = core;
			sourceTree = "<group>";
		};
/* End PBXGroup section */

/* Begin PBXNativeTarget section */
		401F869825BD96EF00B69957 /* ADBRemote */ = {
			isa = PBXNativeTarget;
			buildConfigurationList = 401F86A925BD96F100B69957 /* Build configuration list for PBXNativeTarget "ADBRemote" */;
			buildPhases = (
				401F869525BD96EF00B69957 /* Sources */,
				401F869625BD96EF00B69957 /* Frameworks */,
				401F869725BD96EF00B69957 /* Resources */,
			);
			buildRules = (
			);
			dependencies = (
			);
			name = ADBRemote;
			packageProductDependencies = (
				401F86B725BD98C700B69957 /* ComposableArchitecture */,
				404247D025C07A03006D7E39 /* Parsing */,
			);
			productName = ADBRemote;
			productReference = 401F869925BD96EF00B69957 /* ADBRemote.app */;
			productType = "com.apple.product-type.application";
		};
/* End PBXNativeTarget section */

/* Begin PBXProject section */
		401F869125BD96EF00B69957 /* Project object */ = {
			isa = PBXProject;
			attributes = {
				LastSwiftUpdateCheck = 1230;
				LastUpgradeCheck = 1230;
				TargetAttributes = {
					401F869825BD96EF00B69957 = {
						CreatedOnToolsVersion = 12.3;
					};
				};
			};
			buildConfigurationList = 401F869425BD96EF00B69957 /* Build configuration list for PBXProject "ADBRemote" */;
			compatibilityVersion = "Xcode 9.3";
			developmentRegion = en;
			hasScannedForEncodings = 0;
			knownRegions = (
				en,
				Base,
			);
			mainGroup = 401F869025BD96EF00B69957;
			packageReferences = (
				401F86B625BD98C700B69957 /* XCRemoteSwiftPackageReference "swift-composable-architecture" */,
				404247CF25C07A03006D7E39 /* XCRemoteSwiftPackageReference "swift-parsing" */,
			);
			productRefGroup = 401F869A25BD96EF00B69957 /* Products */;
			projectDirPath = "";
			projectRoot = "";
			targets = (
				401F869825BD96EF00B69957 /* ADBRemote */,
			);
		};
/* End PBXProject section */

/* Begin PBXResourcesBuildPhase section */
		401F869725BD96EF00B69957 /* Resources */ = {
			isa = PBXResourcesBuildPhase;
			buildActionMask = 2147483647;
			files = (
				401F86A425BD96F100B69957 /* Preview Assets.xcassets in Resources */,
				401F86A125BD96F100B69957 /* Assets.xcassets in Resources */,
			);
			runOnlyForDeploymentPostprocessing = 0;
		};
/* End PBXResourcesBuildPhase section */

/* Begin PBXSourcesBuildPhase section */
		401F869525BD96EF00B69957 /* Sources */ = {
			isa = PBXSourcesBuildPhase;
			buildActionMask = 2147483647;
			files = (
				401F869F25BD96EF00B69957 /* ContentView.swift in Sources */,
				401F86CD25BD9DA200B69957 /* Remote.swift in Sources */,
				401F86BD25BD98EB00B69957 /* AppState.swift in Sources */,
				40A0BCD025C6D102005BE678 /* DevicesList.swift in Sources */,
				401F86C325BD9B4500B69957 /* AppReducer.swift in Sources */,
				40A0BCCD25C6CBDC005BE678 /* MediaButtons.swift in Sources */,
				401F869D25BD96EF00B69957 /* ADBRemoteApp.swift in Sources */,
				401F86AE25BD977500B69957 /* DPad.swift in Sources */,
				401F86C625BD9B6F00B69957 /* AppEnvironment.swift in Sources */,
				401F86B125BD97A100B69957 /* CircleButton.swift in Sources */,
				40A0BCC925C58B15005BE678 /* KeyEventList.swift in Sources */,
				401F86C925BD9B9F00B69957 /* ADB.swift in Sources */,
				401F86C025BD99D900B69957 /* AppAction.swift in Sources */,
			);
			runOnlyForDeploymentPostprocessing = 0;
		};
/* End PBXSourcesBuildPhase section */

/* Begin XCBuildConfiguration section */
		401F86A725BD96F100B69957 /* Debug */ = {
			isa = XCBuildConfiguration;
			buildSettings = {
				ALWAYS_SEARCH_USER_PATHS = NO;
				CLANG_ANALYZER_NONNULL = YES;
				CLANG_ANALYZER_NUMBER_OBJECT_CONVERSION = YES_AGGRESSIVE;
				CLANG_CXX_LANGUAGE_STANDARD = "gnu++14";
				CLANG_CXX_LIBRARY = "libc++";
				CLANG_ENABLE_MODULES = YES;
				CLANG_ENABLE_OBJC_ARC = YES;
				CLANG_ENABLE_OBJC_WEAK = YES;
				CLANG_WARN_BLOCK_CAPTURE_AUTORELEASING = YES;
				CLANG_WARN_BOOL_CONVERSION = YES;
				CLANG_WARN_COMMA = YES;
				CLANG_WARN_CONSTANT_CONVERSION = YES;
				CLANG_WARN_DEPRECATED_OBJC_IMPLEMENTATIONS = YES;
				CLANG_WARN_DIRECT_OBJC_ISA_USAGE = YES_ERROR;
				CLANG_WARN_DOCUMENTATION_COMMENTS = YES;
				CLANG_WARN_EMPTY_BODY = YES;
				CLANG_WARN_ENUM_CONVERSION = YES;
				CLANG_WARN_INFINITE_RECURSION = YES;
				CLANG_WARN_INT_CONVERSION = YES;
				CLANG_WARN_NON_LITERAL_NULL_CONVERSION = YES;
				CLANG_WARN_OBJC_IMPLICIT_RETAIN_SELF = YES;
				CLANG_WARN_OBJC_LITERAL_CONVERSION = YES;
				CLANG_WARN_OBJC_ROOT_CLASS = YES_ERROR;
				CLANG_WARN_QUOTED_INCLUDE_IN_FRAMEWORK_HEADER = YES;
				CLANG_WARN_RANGE_LOOP_ANALYSIS = YES;
				CLANG_WARN_STRICT_PROTOTYPES = YES;
				CLANG_WARN_SUSPICIOUS_MOVE = YES;
				CLANG_WARN_UNGUARDED_AVAILABILITY = YES_AGGRESSIVE;
				CLANG_WARN_UNREACHABLE_CODE = YES;
				CLANG_WARN__DUPLICATE_METHOD_MATCH = YES;
				COPY_PHASE_STRIP = NO;
				DEBUG_INFORMATION_FORMAT = dwarf;
				ENABLE_STRICT_OBJC_MSGSEND = YES;
				ENABLE_TESTABILITY = YES;
				GCC_C_LANGUAGE_STANDARD = gnu11;
				GCC_DYNAMIC_NO_PIC = NO;
				GCC_NO_COMMON_BLOCKS = YES;
				GCC_OPTIMIZATION_LEVEL = 0;
				GCC_PREPROCESSOR_DEFINITIONS = (
					"DEBUG=1",
					"$(inherited)",
				);
				GCC_WARN_64_TO_32_BIT_CONVERSION = YES;
				GCC_WARN_ABOUT_RETURN_TYPE = YES_ERROR;
				GCC_WARN_UNDECLARED_SELECTOR = YES;
				GCC_WARN_UNINITIALIZED_AUTOS = YES_AGGRESSIVE;
				GCC_WARN_UNUSED_FUNCTION = YES;
				GCC_WARN_UNUSED_VARIABLE = YES;
				MACOSX_DEPLOYMENT_TARGET = 11.0;
				MTL_ENABLE_DEBUG_INFO = INCLUDE_SOURCE;
				MTL_FAST_MATH = YES;
				ONLY_ACTIVE_ARCH = YES;
				SDKROOT = macosx;
				SWIFT_ACTIVE_COMPILATION_CONDITIONS = DEBUG;
				SWIFT_OPTIMIZATION_LEVEL = "-Onone";
			};
			name = Debug;
		};
		401F86A825BD96F100B69957 /* Release */ = {
			isa = XCBuildConfiguration;
			buildSettings = {
				ALWAYS_SEARCH_USER_PATHS = NO;
				CLANG_ANALYZER_NONNULL = YES;
				CLANG_ANALYZER_NUMBER_OBJECT_CONVERSION = YES_AGGRESSIVE;
				CLANG_CXX_LANGUAGE_STANDARD = "gnu++14";
				CLANG_CXX_LIBRARY = "libc++";
				CLANG_ENABLE_MODULES = YES;
				CLANG_ENABLE_OBJC_ARC = YES;
				CLANG_ENABLE_OBJC_WEAK = YES;
				CLANG_WARN_BLOCK_CAPTURE_AUTORELEASING = YES;
				CLANG_WARN_BOOL_CONVERSION = YES;
				CLANG_WARN_COMMA = YES;
				CLANG_WARN_CONSTANT_CONVERSION = YES;
				CLANG_WARN_DEPRECATED_OBJC_IMPLEMENTATIONS = YES;
				CLANG_WARN_DIRECT_OBJC_ISA_USAGE = YES_ERROR;
				CLANG_WARN_DOCUMENTATION_COMMENTS = YES;
				CLANG_WARN_EMPTY_BODY = YES;
				CLANG_WARN_ENUM_CONVERSION = YES;
				CLANG_WARN_INFINITE_RECURSION = YES;
				CLANG_WARN_INT_CONVERSION = YES;
				CLANG_WARN_NON_LITERAL_NULL_CONVERSION = YES;
				CLANG_WARN_OBJC_IMPLICIT_RETAIN_SELF = YES;
				CLANG_WARN_OBJC_LITERAL_CONVERSION = YES;
				CLANG_WARN_OBJC_ROOT_CLASS = YES_ERROR;
				CLANG_WARN_QUOTED_INCLUDE_IN_FRAMEWORK_HEADER = YES;
				CLANG_WARN_RANGE_LOOP_ANALYSIS = YES;
				CLANG_WARN_STRICT_PROTOTYPES = YES;
				CLANG_WARN_SUSPICIOUS_MOVE = YES;
				CLANG_WARN_UNGUARDED_AVAILABILITY = YES_AGGRESSIVE;
				CLANG_WARN_UNREACHABLE_CODE = YES;
				CLANG_WARN__DUPLICATE_METHOD_MATCH = YES;
				COPY_PHASE_STRIP = NO;
				DEBUG_INFORMATION_FORMAT = "dwarf-with-dsym";
				ENABLE_NS_ASSERTIONS = NO;
				ENABLE_STRICT_OBJC_MSGSEND = YES;
				GCC_C_LANGUAGE_STANDARD = gnu11;
				GCC_NO_COMMON_BLOCKS = YES;
				GCC_WARN_64_TO_32_BIT_CONVERSION = YES;
				GCC_WARN_ABOUT_RETURN_TYPE = YES_ERROR;
				GCC_WARN_UNDECLARED_SELECTOR = YES;
				GCC_WARN_UNINITIALIZED_AUTOS = YES_AGGRESSIVE;
				GCC_WARN_UNUSED_FUNCTION = YES;
				GCC_WARN_UNUSED_VARIABLE = YES;
				MACOSX_DEPLOYMENT_TARGET = 11.0;
				MTL_ENABLE_DEBUG_INFO = NO;
				MTL_FAST_MATH = YES;
				SDKROOT = macosx;
				SWIFT_COMPILATION_MODE = wholemodule;
				SWIFT_OPTIMIZATION_LEVEL = "-O";
			};
			name = Release;
		};
		401F86AA25BD96F100B69957 /* Debug */ = {
			isa = XCBuildConfiguration;
			buildSettings = {
				ASSETCATALOG_COMPILER_APPICON_NAME = AppIcon;
				ASSETCATALOG_COMPILER_GLOBAL_ACCENT_COLOR_NAME = AccentColor;
				CODE_SIGN_ENTITLEMENTS = ADBRemote/ADBRemote.entitlements;
				CODE_SIGN_STYLE = Automatic;
				COMBINE_HIDPI_IMAGES = YES;
				DEVELOPMENT_ASSET_PATHS = "\"ADBRemote/Preview Content\"";
				DEVELOPMENT_TEAM = 653N2E8TL4;
				ENABLE_HARDENED_RUNTIME = YES;
				ENABLE_PREVIEWS = YES;
				INFOPLIST_FILE = ADBRemote/Info.plist;
				LD_RUNPATH_SEARCH_PATHS = (
					"$(inherited)",
					"@executable_path/../Frameworks",
				);
				MACOSX_DEPLOYMENT_TARGET = 11.0;
				PRODUCT_BUNDLE_IDENTIFIER = com.pwszebor.ADBRemote;
				PRODUCT_NAME = "$(TARGET_NAME)";
				SWIFT_VERSION = 5.0;
			};
			name = Debug;
		};
		401F86AB25BD96F100B69957 /* Release */ = {
			isa = XCBuildConfiguration;
			buildSettings = {
				ASSETCATALOG_COMPILER_APPICON_NAME = AppIcon;
				ASSETCATALOG_COMPILER_GLOBAL_ACCENT_COLOR_NAME = AccentColor;
				CODE_SIGN_ENTITLEMENTS = ADBRemote/ADBRemote.entitlements;
				CODE_SIGN_STYLE = Automatic;
				COMBINE_HIDPI_IMAGES = YES;
				DEVELOPMENT_ASSET_PATHS = "\"ADBRemote/Preview Content\"";
				DEVELOPMENT_TEAM = 653N2E8TL4;
				ENABLE_HARDENED_RUNTIME = YES;
				ENABLE_PREVIEWS = YES;
				INFOPLIST_FILE = ADBRemote/Info.plist;
				LD_RUNPATH_SEARCH_PATHS = (
					"$(inherited)",
					"@executable_path/../Frameworks",
				);
				MACOSX_DEPLOYMENT_TARGET = 11.0;
				PRODUCT_BUNDLE_IDENTIFIER = com.pwszebor.ADBRemote;
				PRODUCT_NAME = "$(TARGET_NAME)";
				SWIFT_VERSION = 5.0;
			};
			name = Release;
		};
/* End XCBuildConfiguration section */

/* Begin XCConfigurationList section */
		401F869425BD96EF00B69957 /* Build configuration list for PBXProject "ADBRemote" */ = {
			isa = XCConfigurationList;
			buildConfigurations = (
				401F86A725BD96F100B69957 /* Debug */,
				401F86A825BD96F100B69957 /* Release */,
			);
			defaultConfigurationIsVisible = 0;
			defaultConfigurationName = Release;
		};
		401F86A925BD96F100B69957 /* Build configuration list for PBXNativeTarget "ADBRemote" */ = {
			isa = XCConfigurationList;
			buildConfigurations = (
				401F86AA25BD96F100B69957 /* Debug */,
				401F86AB25BD96F100B69957 /* Release */,
			);
			defaultConfigurationIsVisible = 0;
			defaultConfigurationName = Release;
		};
/* End XCConfigurationList section */

/* Begin XCRemoteSwiftPackageReference section */
		401F86B625BD98C700B69957 /* XCRemoteSwiftPackageReference "swift-composable-architecture" */ = {
			isa = XCRemoteSwiftPackageReference;
			repositoryURL = "https://github.com/pointfreeco/swift-composable-architecture";
			requirement = {
				kind = upToNextMajorVersion;
				minimumVersion = 0.11.0;
			};
		};
		404247CF25C07A03006D7E39 /* XCRemoteSwiftPackageReference "swift-parsing" */ = {
			isa = XCRemoteSwiftPackageReference;
			repositoryURL = "https://github.com/pointfreeco/swift-parsing";
			requirement = {
				kind = upToNextMajorVersion;
				minimumVersion = 0.1.2;
			};
		};
/* End XCRemoteSwiftPackageReference section */

/* Begin XCSwiftPackageProductDependency section */
		401F86B725BD98C700B69957 /* ComposableArchitecture */ = {
			isa = XCSwiftPackageProductDependency;
			package = 401F86B625BD98C700B69957 /* XCRemoteSwiftPackageReference "swift-composable-architecture" */;
			productName = ComposableArchitecture;
		};
		404247D025C07A03006D7E39 /* Parsing */ = {
			isa = XCSwiftPackageProductDependency;
			package = 404247CF25C07A03006D7E39 /* XCRemoteSwiftPackageReference "swift-parsing" */;
			productName = Parsing;
		};
/* End XCSwiftPackageProductDependency section */
	};
	rootObject = 401F869125BD96EF00B69957 /* Project object */;
}
